
Microsoft Visual Studio Solution File, Format Version 12.00
# Visual Studio Version 17
VisualStudioVersion = 17.9.34723.18
MinimumVisualStudioVersion = 10.0.40219.1
Project("{FAE04EC0-301F-11D3-BF4B-00C04F79EFBC}") = "SerializeDeserializeDemo", "SerializeDeserializeDemo\SerializeDeserializeDemo.csproj", "{8BC811EE-1950-408C-936A-F72E38687381}"
EndProject
Global
	GlobalSection(SolutionConfigurationPlatforms) = preSolution
		Debug|Any CPU = Debug|Any CPU
		Release|Any CPU = Release|Any CPU
	EndGlobalSection
	GlobalSection(ProjectConfigurationPlatforms) = postSolution
		{8BC811EE-1950-408C-936A-F72E38687381}.Debug|Any CPU.ActiveCfg = Debug|Any CPU
		{8BC811EE-1950-408C-936A-F72E38687381}.Debug|Any CPU.Build.0 = Debug|Any CPU
		{8BC811EE-1950-408C-936A-F72E38687381}.Release|Any CPU.ActiveCfg = Release|Any CPU
		{8BC811EE-1950-408C-936A-F72E38687381}.Release|Any CPU.Build.0 = Release|Any CPU
	EndGlobalSection
	GlobalSection(SolutionProperties) = preSolution
		HideSolutionNode = FALSE
	EndGlobalSection
	GlobalSection(ExtensibilityGlobals) = postSolution
		SolutionGuid = {FDBBF826-A213-4160-AFD6-49F9DE5604FC}
	EndGlobalSection
EndGlobal
